
Microsoft Visual Studio Solution File, Format Version 12.00
# Visual Studio Version 16
VisualStudioVersion = 16.0.30413.136
MinimumVisualStudioVersion = 10.0.40219.1
Project("{FAE04EC0-301F-11D3-BF4B-00C04F79EFBC}") = "Bicicletas", "Bicicletas\Bicicletas.csproj", "{8216FDD5-2502-48F0-B59F-E147D251C603}"
EndProject
Global
	GlobalSection(SolutionConfigurationPlatforms) = preSolution
		Debug|Any CPU = Debug|Any CPU
		Release|Any CPU = Release|Any CPU
	EndGlobalSection
	GlobalSection(ProjectConfigurationPlatforms) = postSolution
		{8216FDD5-2502-48F0-B59F-E147D251C603}.Debug|Any CPU.ActiveCfg = Debug|Any CPU
		{8216FDD5-2502-48F0-B59F-E147D251C603}.Debug|Any CPU.Build.0 = Debug|Any CPU
		{8216FDD5-2502-48F0-B59F-E147D251C603}.Release|Any CPU.ActiveCfg = Release|Any CPU
		{8216FDD5-2502-48F0-B59F-E147D251C603}.Release|Any CPU.Build.0 = Release|Any CPU
	EndGlobalSection
	GlobalSection(SolutionProperties) = preSolution
		HideSolutionNode = FALSE
	EndGlobalSection
	GlobalSection(ExtensibilityGlobals) = postSolution
		SolutionGuid = {FC10B1A5-860D-4291-B0D9-8C7768089C00}
	EndGlobalSection
EndGlobal
